# THIS IS AN AUTOGENERATED FILE. DO NOT EDIT THIS FILE DIRECTLY.
# yarn lockfile v1


"@braintree/sanitize-url@^3.1.0":
  version "3.1.0"
  resolved "https://registry.yarnpkg.com/@braintree/sanitize-url/-/sanitize-url-3.1.0.tgz#8ff71d51053cd5ee4981e5a501d80a536244f7fd"
  integrity sha512-GcIY79elgB+azP74j8vqkiXz8xLFfIzbQJdlwOPisgbKT00tviJQuEghOXSMVxJ00HoYJbGswr4kcllUc4xCcg==

"@types/node@^10.3.6":
  version "10.14.19"
  resolved "https://registry.yarnpkg.com/@types/node/-/node-10.14.19.tgz#f52742c7834a815dedf66edfc8a51547e2a67342"
  integrity sha512-j6Sqt38ssdMKutXBUuAcmWF8QtHW1Fwz/mz4Y+Wd9mzpBiVFirjpNQf363hG5itkG+yGaD+oiLyb50HxJ36l9Q==

argparse@^1.0.7:
  version "1.0.10"
  resolved "https://registry.yarnpkg.com/argparse/-/argparse-1.0.10.tgz#bcd6791ea5ae09725e17e5ad988134cd40b3d911"
  integrity sha512-o5Roy6tNG4SL/FOkCAN6RzjiakZS25RLYFrcMttJqbdd8BWrnA+fGz57iN5Pb06pvBGvl5gQ0B48dJlslXvoTg==
  dependencies:
    sprintf-js "~1.0.2"

buffer-from@^1.0.0:
  version "1.1.1"
  resolved "https://registry.yarnpkg.com/buffer-from/-/buffer-from-1.1.1.tgz#32713bc028f75c02fdb710d7c7bcec1f2c6070ef"
  integrity sha512-MQcXEUbCKtEo7bhqEs6560Hyd4XaovZlO/k9V3hjVUF/zwW7KBVdSK4gIt/bzwS9MbR5qob+F5jusZsb0YQK2A==

camel-case@^3.0.0:
  version "3.0.0"
  resolved "https://registry.yarnpkg.com/camel-case/-/camel-case-3.0.0.tgz#ca3c3688a4e9cf3a4cda777dc4dcbc713249cf73"
  integrity sha1-yjw2iKTpzzpM2nd9xNy8cTJJz3M=
  dependencies:
    no-case "^2.2.0"
    upper-case "^1.1.1"

clean-css@^4.1.6, clean-css@^4.2.1:
  version "4.2.1"
  resolved "https://registry.yarnpkg.com/clean-css/-/clean-css-4.2.1.tgz#2d411ef76b8569b6d0c84068dabe85b0aa5e5c17"
  integrity sha512-4ZxI6dy4lrY6FHzfiy1aEOXgu4LIsW2MhwG0VBKdcoGoH/XLFgaHSdLTGr4O8Be6A8r3MOphEiI8Gc1n0ecf3g==
  dependencies:
    source-map "~0.6.0"

commander@2, commander@^2.19.0, commander@^2.20.0:
  version "2.20.1"
  resolved "https://registry.yarnpkg.com/commander/-/commander-2.20.1.tgz#3863ce3ca92d0831dcf2a102f5fb4b5926afd0f9"
  integrity sha512-cCuLsMhJeWQ/ZpsFTbE765kvVfoeSddc4nU3up4fV+fDBcfUXnbITJ+JzhkdjzOqhURjZgujxaioam4RM9yGUg==

commander@2.20.0:
  version "2.20.0"
  resolved "https://registry.yarnpkg.com/commander/-/commander-2.20.0.tgz#d58bb2b5c1ee8f87b0d340027e9e94e222c5a422"
  integrity sha512-7j2y+40w61zy6YC2iRNpUe/NwhNyoXrYpHMrSunaMG64nRnaf96zO/KMQR4OyN/UnE5KLyEBnKHd4aG3rskjpQ==

commander@^3.0.1:
  version "3.0.1"
  resolved "https://registry.yarnpkg.com/commander/-/commander-3.0.1.tgz#4595aec3530525e671fb6f85fb173df8ff8bf57a"
  integrity sha512-UNgvDd+csKdc9GD4zjtkHKQbT8Aspt2jCBqNSPp53vAS0L1tS9sXB2TCEOPHJ7kt9bN/niWkYj8T3RQSoMXdSQ==

css-b64-images@~0.2.5:
  version "0.2.5"
  resolved "https://registry.yarnpkg.com/css-b64-images/-/css-b64-images-0.2.5.tgz#42005d83204b2b4a5d93b6b1a5644133b5927a02"
  integrity sha1-QgBdgyBLK0pdk7axpWRBM7WSegI=

d3-array@1, d3-array@^1.1.1, d3-array@^1.2.0:
  version "1.2.4"
  resolved "https://registry.yarnpkg.com/d3-array/-/d3-array-1.2.4.tgz#635ce4d5eea759f6f605863dbcfc30edc737f71f"
  integrity sha512-KHW6M86R+FUPYGb3R5XiYjXPq7VzwxZ22buHhAEVG5ztoEcZZMLov530mmccaqA1GghZArjQV46fuc8kUqhhHw==

d3-axis@1:
  version "1.0.12"
  resolved "https://registry.yarnpkg.com/d3-axis/-/d3-axis-1.0.12.tgz#cdf20ba210cfbb43795af33756886fb3638daac9"
  integrity sha512-ejINPfPSNdGFKEOAtnBtdkpr24c4d4jsei6Lg98mxf424ivoDP2956/5HDpIAtmHo85lqT4pruy+zEgvRUBqaQ==

d3-brush@1:
  version "1.1.3"
  resolved "https://registry.yarnpkg.com/d3-brush/-/d3-brush-1.1.3.tgz#a04900a71fa5390f7f7afe1504b02a382709f380"
  integrity sha512-v8bbYyCFKjyCzFk/tdWqXwDykY8YWqhXYjcYxfILIit085VZOpj4XJKOMccTsvWxgzSLMJQg5SiqHjslsipEDg==
  dependencies:
    d3-dispatch "1"
    d3-drag "1"
    d3-interpolate "1"
    d3-selection "1"
    d3-transition "1"

d3-chord@1:
  version "1.0.6"
  resolved "https://registry.yarnpkg.com/d3-chord/-/d3-chord-1.0.6.tgz#309157e3f2db2c752f0280fedd35f2067ccbb15f"
  integrity sha512-JXA2Dro1Fxw9rJe33Uv+Ckr5IrAa74TlfDEhE/jfLOaXegMQFQTAgAw9WnZL8+HxVBRXaRGCkrNU7pJeylRIuA==
  dependencies:
    d3-array "1"
    d3-path "1"

d3-collection@1:
  version "1.0.7"
  resolved "https://registry.yarnpkg.com/d3-collection/-/d3-collection-1.0.7.tgz#349bd2aa9977db071091c13144d5e4f16b5b310e"
  integrity sha512-ii0/r5f4sjKNTfh84Di+DpztYwqKhEyUlKoPrzUFfeSkWxjW49xU2QzO9qrPrNkpdI0XJkfzvmTu8V2Zylln6A==

d3-color@1:
  version "1.4.0"
  resolved "https://registry.yarnpkg.com/d3-color/-/d3-color-1.4.0.tgz#89c45a995ed773b13314f06460df26d60ba0ecaf"
  integrity sha512-TzNPeJy2+iEepfiL92LAAB7fvnp/dV2YwANPVHdDWmYMm23qIJBYww3qT8I8C1wXrmrg4UWs7BKc2tKIgyjzHg==

d3-contour@1:
  version "1.3.2"
  resolved "https://registry.yarnpkg.com/d3-contour/-/d3-contour-1.3.2.tgz#652aacd500d2264cb3423cee10db69f6f59bead3"
  integrity sha512-hoPp4K/rJCu0ladiH6zmJUEz6+u3lgR+GSm/QdM2BBvDraU39Vr7YdDCicJcxP1z8i9B/2dJLgDC1NcvlF8WCg==
  dependencies:
    d3-array "^1.1.1"

d3-dispatch@1:
  version "1.0.5"
  resolved "https://registry.yarnpkg.com/d3-dispatch/-/d3-dispatch-1.0.5.tgz#e25c10a186517cd6c82dd19ea018f07e01e39015"
  integrity sha512-vwKx+lAqB1UuCeklr6Jh1bvC4SZgbSqbkGBLClItFBIYH4vqDJCA7qfoy14lXmJdnBOdxndAMxjCbImJYW7e6g==

d3-drag@1:
  version "1.2.4"
  resolved "https://registry.yarnpkg.com/d3-drag/-/d3-drag-1.2.4.tgz#ba9331d68158ad14cf0b4b28a8afa9e78c7d99ad"
  integrity sha512-ICPurDETFAelF1CTHdIyiUM4PsyZLaM+7oIBhmyP+cuVjze5vDZ8V//LdOFjg0jGnFIZD/Sfmk0r95PSiu78rw==
  dependencies:
    d3-dispatch "1"
    d3-selection "1"

d3-dsv@1:
  version "1.1.1"
  resolved "https://registry.yarnpkg.com/d3-dsv/-/d3-dsv-1.1.1.tgz#aaa830ecb76c4b5015572c647cc6441e3c7bb701"
  integrity sha512-1EH1oRGSkeDUlDRbhsFytAXU6cAmXFzc52YUe6MRlPClmWb85MP1J5x+YJRzya4ynZWnbELdSAvATFW/MbxaXw==
  dependencies:
    commander "2"
    iconv-lite "0.4"
    rw "1"

d3-ease@1:
  version "1.0.5"
  resolved "https://registry.yarnpkg.com/d3-ease/-/d3-ease-1.0.5.tgz#8ce59276d81241b1b72042d6af2d40e76d936ffb"
  integrity sha512-Ct1O//ly5y5lFM9YTdu+ygq7LleSgSE4oj7vUt9tPLHUi8VCV7QoizGpdWRWAwCO9LdYzIrQDg97+hGVdsSGPQ==

d3-fetch@1:
  version "1.1.2"
  resolved "https://registry.yarnpkg.com/d3-fetch/-/d3-fetch-1.1.2.tgz#957c8fbc6d4480599ba191b1b2518bf86b3e1be2"
  integrity sha512-S2loaQCV/ZeyTyIF2oP8D1K9Z4QizUzW7cWeAOAS4U88qOt3Ucf6GsmgthuYSdyB2HyEm4CeGvkQxWsmInsIVA==
  dependencies:
    d3-dsv "1"

d3-force@1:
  version "1.2.1"
  resolved "https://registry.yarnpkg.com/d3-force/-/d3-force-1.2.1.tgz#fd29a5d1ff181c9e7f0669e4bd72bdb0e914ec0b"
  integrity sha512-HHvehyaiUlVo5CxBJ0yF/xny4xoaxFxDnBXNvNcfW9adORGZfyNF1dj6DGLKyk4Yh3brP/1h3rnDzdIAwL08zg==
  dependencies:
    d3-collection "1"
    d3-dispatch "1"
    d3-quadtree "1"
    d3-timer "1"

d3-format@1:
  version "1.4.1"
  resolved "https://registry.yarnpkg.com/d3-format/-/d3-format-1.4.1.tgz#c45f74b17c5a290c072a4ba7039dd19662cd5ce6"
  integrity sha512-TUswGe6hfguUX1CtKxyG2nymO+1lyThbkS1ifLX0Sr+dOQtAD5gkrffpHnx+yHNKUZ0Bmg5T4AjUQwugPDrm0g==

d3-geo@1:
  version "1.11.6"
  resolved "https://registry.yarnpkg.com/d3-geo/-/d3-geo-1.11.6.tgz#134f2ef035ff75a448075fafdea92702a2e0e0cf"
  integrity sha512-z0J8InXR9e9wcgNtmVnPTj0TU8nhYT6lD/ak9may2PdKqXIeHUr8UbFLoCtrPYNsjv6YaLvSDQVl578k6nm7GA==
  dependencies:
    d3-array "1"

d3-hierarchy@1:
  version "1.1.8"
  resolved "https://registry.yarnpkg.com/d3-hierarchy/-/d3-hierarchy-1.1.8.tgz#7a6317bd3ed24e324641b6f1e76e978836b008cc"
  integrity sha512-L+GHMSZNwTpiq4rt9GEsNcpLa4M96lXMR8M/nMG9p5hBE0jy6C+3hWtyZMenPQdwla249iJy7Nx0uKt3n+u9+w==

d3-interpolate@1:
  version "1.3.2"
  resolved "https://registry.yarnpkg.com/d3-interpolate/-/d3-interpolate-1.3.2.tgz#417d3ebdeb4bc4efcc8fd4361c55e4040211fd68"
  integrity sha512-NlNKGopqaz9qM1PXh9gBF1KSCVh+jSFErrSlD/4hybwoNX/gt1d8CDbDW+3i+5UOHhjC6s6nMvRxcuoMVNgL2w==
  dependencies:
    d3-color "1"

d3-path@1:
  version "1.0.8"
  resolved "https://registry.yarnpkg.com/d3-path/-/d3-path-1.0.8.tgz#4a0606a794d104513ec4a8af43525f374b278719"
  integrity sha512-J6EfUNwcMQ+aM5YPOB8ZbgAZu6wc82f/0WFxrxwV6Ll8wBwLaHLKCqQ5Imub02JriCVVdPjgI+6P3a4EWJCxAg==

d3-polygon@1:
  version "1.0.5"
  resolved "https://registry.yarnpkg.com/d3-polygon/-/d3-polygon-1.0.5.tgz#9a645a0a64ff6cbf9efda96ee0b4a6909184c363"
  integrity sha512-RHhh1ZUJZfhgoqzWWuRhzQJvO7LavchhitSTHGu9oj6uuLFzYZVeBzaWTQ2qSO6bz2w55RMoOCf0MsLCDB6e0w==

d3-quadtree@1:
  version "1.0.6"
  resolved "https://registry.yarnpkg.com/d3-quadtree/-/d3-quadtree-1.0.6.tgz#d1ab2a95a7f27bbde88582c94166f6ae35f32056"
  integrity sha512-NUgeo9G+ENQCQ1LsRr2qJg3MQ4DJvxcDNCiohdJGHt5gRhBW6orIB5m5FJ9kK3HNL8g9F4ERVoBzcEwQBfXWVA==

d3-random@1:
  version "1.1.2"
  resolved "https://registry.yarnpkg.com/d3-random/-/d3-random-1.1.2.tgz#2833be7c124360bf9e2d3fd4f33847cfe6cab291"
  integrity sha512-6AK5BNpIFqP+cx/sreKzNjWbwZQCSUatxq+pPRmFIQaWuoD+NrbVWw7YWpHiXpCQ/NanKdtGDuB+VQcZDaEmYQ==

d3-scale-chromatic@1:
  version "1.5.0"
  resolved "https://registry.yarnpkg.com/d3-scale-chromatic/-/d3-scale-chromatic-1.5.0.tgz#54e333fc78212f439b14641fb55801dd81135a98"
  integrity sha512-ACcL46DYImpRFMBcpk9HhtIyC7bTBR4fNOPxwVSl0LfulDAwyiHyPOTqcDG1+t5d4P9W7t/2NAuWu59aKko/cg==
  dependencies:
    d3-color "1"
    d3-interpolate "1"

d3-scale@2:
  version "2.2.2"
  resolved "https://registry.yarnpkg.com/d3-scale/-/d3-scale-2.2.2.tgz#4e880e0b2745acaaddd3ede26a9e908a9e17b81f"
  integrity sha512-LbeEvGgIb8UMcAa0EATLNX0lelKWGYDQiPdHj+gLblGVhGLyNbaCn3EvrJf0A3Y/uOOU5aD6MTh5ZFCdEwGiCw==
  dependencies:
    d3-array "^1.2.0"
    d3-collection "1"
    d3-format "1"
    d3-interpolate "1"
    d3-time "1"
    d3-time-format "2"

d3-selection@1, d3-selection@^1.1.0:
  version "1.4.0"
  resolved "https://registry.yarnpkg.com/d3-selection/-/d3-selection-1.4.0.tgz#ab9ac1e664cf967ebf1b479cc07e28ce9908c474"
  integrity sha512-EYVwBxQGEjLCKF2pJ4+yrErskDnz5v403qvAid96cNdCMr8rmCYfY5RGzWz24mdIbxmDf6/4EAH+K9xperD5jg==

d3-shape@1:
  version "1.3.5"
  resolved "https://registry.yarnpkg.com/d3-shape/-/d3-shape-1.3.5.tgz#e81aea5940f59f0a79cfccac012232a8987c6033"
  integrity sha512-VKazVR3phgD+MUCldapHD7P9kcrvPcexeX/PkMJmkUov4JM8IxsSg1DvbYoYich9AtdTsa5nNk2++ImPiDiSxg==
  dependencies:
    d3-path "1"

d3-time-format@2:
  version "2.1.3"
  resolved "https://registry.yarnpkg.com/d3-time-format/-/d3-time-format-2.1.3.tgz#ae06f8e0126a9d60d6364eac5b1533ae1bac826b"
  integrity sha512-6k0a2rZryzGm5Ihx+aFMuO1GgelgIz+7HhB4PH4OEndD5q2zGn1mDfRdNrulspOfR6JXkb2sThhDK41CSK85QA==
  dependencies:
    d3-time "1"

d3-time@1:
  version "1.1.0"
  resolved "https://registry.yarnpkg.com/d3-time/-/d3-time-1.1.0.tgz#b1e19d307dae9c900b7e5b25ffc5dcc249a8a0f1"
  integrity sha512-Xh0isrZ5rPYYdqhAVk8VLnMEidhz5aP7htAADH6MfzgmmicPkTo8LhkLxci61/lCB7n7UmE3bN0leRt+qvkLxA==

d3-timer@1:
  version "1.0.9"
  resolved "https://registry.yarnpkg.com/d3-timer/-/d3-timer-1.0.9.tgz#f7bb8c0d597d792ff7131e1c24a36dd471a471ba"
  integrity sha512-rT34J5HnQUHhcLvhSB9GjCkN0Ddd5Y8nCwDBG2u6wQEeYxT/Lf51fTFFkldeib/sE/J0clIe0pnCfs6g/lRbyg==

d3-transition@1:
  version "1.2.0"
  resolved "https://registry.yarnpkg.com/d3-transition/-/d3-transition-1.2.0.tgz#f538c0e21b2aa1f05f3e965f8567e81284b3b2b8"
  integrity sha512-VJ7cmX/FPIPJYuaL2r1o1EMHLttvoIuZhhuAlRoOxDzogV8iQS6jYulDm3xEU3TqL80IZIhI551/ebmCMrkvhw==
  dependencies:
    d3-color "1"
    d3-dispatch "1"
    d3-ease "1"
    d3-interpolate "1"
    d3-selection "^1.1.0"
    d3-timer "1"

d3-voronoi@1:
  version "1.1.4"
  resolved "https://registry.yarnpkg.com/d3-voronoi/-/d3-voronoi-1.1.4.tgz#dd3c78d7653d2bb359284ae478645d95944c8297"
  integrity sha512-dArJ32hchFsrQ8uMiTBLq256MpnZjeuBtdHpaDlYuQyjU0CVzCJl/BVW+SkszaAeH95D/8gxqAhgx0ouAWAfRg==

d3-zoom@1:
  version "1.8.3"
  resolved "https://registry.yarnpkg.com/d3-zoom/-/d3-zoom-1.8.3.tgz#b6a3dbe738c7763121cd05b8a7795ffe17f4fc0a"
  integrity sha512-VoLXTK4wvy1a0JpH2Il+F2CiOhVu7VRXWF5M/LroMIh3/zBAC3WAt7QoIvPibOavVo20hN6/37vwAsdBejLyKQ==
  dependencies:
    d3-dispatch "1"
    d3-drag "1"
    d3-interpolate "1"
    d3-selection "1"
    d3-transition "1"

d3@3.5.17:
  version "3.5.17"
  resolved "https://registry.yarnpkg.com/d3/-/d3-3.5.17.tgz#bc46748004378b21a360c9fc7cf5231790762fb8"
  integrity sha1-vEZ0gAQ3iyGjYMn8fPUjF5B2L7g=

d3@^5.7.0:
  version "5.12.0"
  resolved "https://registry.yarnpkg.com/d3/-/d3-5.12.0.tgz#0ddeac879c28c882317cd439b495290acd59ab61"
  integrity sha512-flYVMoVuhPFHd9zVCe2BxIszUWqBcd5fvQGMNRmSiBrgdnh6Vlruh60RJQTouAK9xPbOB0plxMvBm4MoyODXNg==
  dependencies:
    d3-array "1"
    d3-axis "1"
    d3-brush "1"
    d3-chord "1"
    d3-collection "1"
    d3-color "1"
    d3-contour "1"
    d3-dispatch "1"
    d3-drag "1"
    d3-dsv "1"
    d3-ease "1"
    d3-fetch "1"
    d3-force "1"
    d3-format "1"
    d3-geo "1"
    d3-hierarchy "1"
    d3-interpolate "1"
    d3-path "1"
    d3-polygon "1"
    d3-quadtree "1"
    d3-random "1"
    d3-scale "2"
    d3-scale-chromatic "1"
    d3-selection "1"
    d3-shape "1"
    d3-time "1"
    d3-time-format "2"
    d3-timer "1"
    d3-transition "1"
    d3-voronoi "1"
    d3-zoom "1"

dagre-d3-renderer@^0.4.25:
  version "0.4.26"
  resolved "https://registry.yarnpkg.com/dagre-d3-renderer/-/dagre-d3-renderer-0.4.26.tgz#648a491209b853ae96ddf3fea41a1f104479a5a1"
  integrity sha512-vOWj1uA4/APTrfDyfHaH/xpfXhPh9rszW+HOaEwPCeA6Afl06Lobfh7OpESuVMQW2QGuY4UQ7pte/p0WhdDs7w==
  dependencies:
    d3 "3.5.17"
    dagre-layout "^0.8.0"
    graphlib "^2.1.1"
    lodash "^4.17.4"

dagre-d3-renderer@^0.5.8:
  version "0.5.8"
  resolved "https://registry.yarnpkg.com/dagre-d3-renderer/-/dagre-d3-renderer-0.5.8.tgz#aa071bb71d3c4d67426925906f3f6ddead49c1a3"
  integrity sha512-XH2a86isUHRxzIYbjQVEuZtJnWEufb64H5DuXIUmn8esuB40jgLEbUUclulWOW62/ZoXlj2ZDyL8SJ+YRxs+jQ==
  dependencies:
    dagre-layout "^0.8.8"
    lodash "^4.17.5"

dagre-layout@^0.8.0, dagre-layout@^0.8.8:
  version "0.8.8"
  resolved "https://registry.yarnpkg.com/dagre-layout/-/dagre-layout-0.8.8.tgz#9b6792f24229f402441c14162c1049e3f261f6d9"
  integrity sha512-ZNV15T9za7X+fV8Z07IZquUKugCxm5owoiPPxfEx6OJRD331nkiIaF3vSt0JEY5FkrY0KfRQxcpQ3SpXB7pLPQ==
  dependencies:
    graphlibrary "^2.2.0"
    lodash "^4.17.5"

debug@^4.1.0:
  version "4.1.1"
  resolved "https://registry.yarnpkg.com/debug/-/debug-4.1.1.tgz#3b72260255109c6b589cee050f1d516139664791"
  integrity sha512-pYAIzeRo8J6KPEaJ0VWOh5Pzkbw/RetuzehGM7QRRX5he4fPHx2rdKMB256ehJCkX+XRQm16eZLqLNS8RSZXZw==
  dependencies:
    ms "^2.1.1"

entities@~2.0.0:
  version "2.0.0"
  resolved "https://registry.yarnpkg.com/entities/-/entities-2.0.0.tgz#68d6084cab1b079767540d80e56a39b423e4abf4"
  integrity sha512-D9f7V0JSRwIxlRI2mjMqufDrRDnx8p+eEOz7aUM9SuvF8gsBzra0/6tbjl1m8eQHrZlYj6PxqE00hZ1SAIKPLw==

escaper@^2.5.3:
  version "2.5.3"
  resolved "https://registry.yarnpkg.com/escaper/-/escaper-2.5.3.tgz#8b8fe90ba364054151ab7eff18b4ce43b1e13ab5"
  integrity sha512-QGb9sFxBVpbzMggrKTX0ry1oiI4CSDAl9vIL702hzl1jGW8VZs7qfqTRX7WDOjoNDoEVGcEtu1ZOQgReSfT2kQ==

fs-extra@^8.1.0:
  version "8.1.0"
  resolved "https://registry.yarnpkg.com/fs-extra/-/fs-extra-8.1.0.tgz#49d43c45a88cd9677668cb7be1b46efdb8d2e1c0"
  integrity sha512-yhlQgA6mnOJUKOsRUFsgJdQCvkKhcz8tlZG5HBQfReYZy46OwLcY+Zia0mtdHsOo9y/hP+CxMN0TU9QxoOtG4g==
  dependencies:
    graceful-fs "^4.2.0"
    jsonfile "^4.0.0"
    universalify "^0.1.0"

graceful-fs@^4.1.6, graceful-fs@^4.2.0:
  version "4.2.2"
  resolved "https://registry.yarnpkg.com/graceful-fs/-/graceful-fs-4.2.2.tgz#6f0952605d0140c1cfdb138ed005775b92d67b02"
  integrity sha512-IItsdsea19BoLC7ELy13q1iJFNmd7ofZH5+X/pJr90/nRoPEX0DJo1dHDbgtYWOhJhcCgMDTOw84RZ72q6lB+Q==

graphlib@^2.1.1:
  version "2.1.7"
  resolved "https://registry.yarnpkg.com/graphlib/-/graphlib-2.1.7.tgz#b6a69f9f44bd9de3963ce6804a2fc9e73d86aecc"
  integrity sha512-TyI9jIy2J4j0qgPmOOrHTCtpPqJGN/aurBwc6ZT+bRii+di1I+Wv3obRhVrmBEXet+qkMaEX67dXrwsd3QQM6w==
  dependencies:
    lodash "^4.17.5"

graphlibrary@^2.2.0:
  version "2.2.0"
  resolved "https://registry.yarnpkg.com/graphlibrary/-/graphlibrary-2.2.0.tgz#017a14899775228dec4497a39babfdd6bf56eac6"
  integrity sha512-XTcvT55L8u4MBZrM37zXoUxsgxs/7sow7YSygd9CIwfWTVO8RVu7AYXhhCiTuFEf+APKgx6Jk4SuQbYR0vYKmQ==
  dependencies:
    lodash "^4.17.5"

he@^1.1.1, he@^1.2.0:
  version "1.2.0"
  resolved "https://registry.yarnpkg.com/he/-/he-1.2.0.tgz#84ae65fa7eafb165fddb61566ae14baf05664f0f"
  integrity sha512-F/1DnUGPopORZi0ni+CvrCgHQ5FyEAHRLSApuYWMmrbSwoN2Mn/7k+Gl38gJnR7yyDZk6WLXwiGod1JOWNDKGw==

highlight.js@^10.1.2:
  version "10.1.2"
  resolved "https://registry.yarnpkg.com/highlight.js/-/highlight.js-10.1.2.tgz#c20db951ba1c22c055010648dfffd7b2a968e00c"
  integrity sha512-Q39v/Mn5mfBlMff9r+zzA+gWxRsCRKwEMvYTiisLr/XUiFI/4puWt0Ojdko3R3JCNWGdOWaA5g/Yxqa23kC5AA==

html-minifier@^4.0.0:
  version "4.0.0"
  resolved "https://registry.yarnpkg.com/html-minifier/-/html-minifier-4.0.0.tgz#cca9aad8bce1175e02e17a8c33e46d8988889f56"
  integrity sha512-aoGxanpFPLg7MkIl/DDFYtb0iWz7jMFGqFhvEDZga6/4QTjneiD8I/NXL1x5aaoCp7FSIT6h/OhykDdPsbtMig==
  dependencies:
    camel-case "^3.0.0"
    clean-css "^4.2.1"
    commander "^2.19.0"
    he "^1.2.0"
    param-case "^2.1.1"
    relateurl "^0.2.7"
    uglify-js "^3.5.1"

iconv-lite@0.4:
  version "0.4.24"
  resolved "https://registry.yarnpkg.com/iconv-lite/-/iconv-lite-0.4.24.tgz#2022b4b25fbddc21d2f524974a474aafe733908b"
  integrity sha512-v3MXnZAcvnywkTUEZomIActle7RXXeedOR31wwl7VlyoXO4Qi9arvSenNQWne1TcRwhCL1HwLI21bEqdpj8/rA==
  dependencies:
    safer-buffer ">= 2.1.2 < 3"

is-regexp@^1.0.0:
  version "1.0.0"
  resolved "https://registry.yarnpkg.com/is-regexp/-/is-regexp-1.0.0.tgz#fd2d883545c46bac5a633e7b9a09e87fa2cb5069"
  integrity sha1-/S2INUXEa6xaYz57mgnof6LLUGk=

jsonfile@^4.0.0:
  version "4.0.0"
  resolved "https://registry.yarnpkg.com/jsonfile/-/jsonfile-4.0.0.tgz#8771aae0799b64076b76640fca058f9c10e33ecb"
  integrity sha1-h3Gq4HmbZAdrdmQPygWPnBDjPss=
  optionalDependencies:
    graceful-fs "^4.1.6"

linkify-it@^2.0.0:
  version "2.2.0"
  resolved "https://registry.yarnpkg.com/linkify-it/-/linkify-it-2.2.0.tgz#e3b54697e78bf915c70a38acd78fd09e0058b1cf"
  integrity sha512-GnAl/knGn+i1U/wjBz3akz2stz+HrHLsxMwHQGofCDfPvlf+gDKN58UtfmUquTY4/MXeE2x7k19KQmeoZi94Iw==
  dependencies:
    uc.micro "^1.0.1"

lodash@^4.17.11, lodash@^4.17.4, lodash@^4.17.5:
  version "4.17.15"
  resolved "https://registry.yarnpkg.com/lodash/-/lodash-4.17.15.tgz#b447f6670a0455bbfeedd11392eff330ea097548"
  integrity sha512-8xOcRHvCjnocdS5cpwXQXVzmmh5e5+saE2QGoeQmbKmRS6J3VQppPOIt0MnmE+4xlZoumy0GPG0D0MVIQbNA1A==

lower-case@^1.1.1:
  version "1.1.4"
  resolved "https://registry.yarnpkg.com/lower-case/-/lower-case-1.1.4.tgz#9a2cabd1b9e8e0ae993a4bf7d5875c39c42e8eac"
  integrity sha1-miyr0bno4K6ZOkv31YdcOcQujqw=

markdown-it-container@^2.0.0:
  version "2.0.0"
  resolved "https://registry.yarnpkg.com/markdown-it-container/-/markdown-it-container-2.0.0.tgz#0019b43fd02eefece2f1960a2895fba81a404695"
  integrity sha1-ABm0P9Au7+zi8ZYKKJX7qBpARpU=

markdown-it-include@^1.1.0:
  version "1.1.0"
  resolved "https://registry.yarnpkg.com/markdown-it-include/-/markdown-it-include-1.1.0.tgz#c88fff73a97de4ab678da84c69a51de6105f390d"
  integrity sha512-OeXvJHfEHrnXWH8+eqMeIX0aFJz4W2ULzfbEVGXBEXab7i3cqLWUxtiHUokZ0/A2uZvLXSaFns/BEVN/mINaCQ==

markdown-it-mermaid@^0.2.5:
  version "0.2.5"
  resolved "https://registry.yarnpkg.com/markdown-it-mermaid/-/markdown-it-mermaid-0.2.5.tgz#aa6e488a5f4ab2006b4a63e22f315683495c1877"
  integrity sha512-ZUTFRX+cXEtWmn/9LMlpVklPJiDrHPWyHE/wamC2wm0Ojh1qOcuKWfWW3BqP83+7w6C59rS7M3OrGTs/u9mQTA==
  dependencies:
    mermaid "^7.1.2"

markdown-it@^10.0.0:
  version "10.0.0"
  resolved "https://registry.yarnpkg.com/markdown-it/-/markdown-it-10.0.0.tgz#abfc64f141b1722d663402044e43927f1f50a8dc"
  integrity sha512-YWOP1j7UbDNz+TumYP1kpwnP0aEa711cJjrAQrzd0UXlbJfc5aAq0F/PZHjiioqDC1NKgvIMX+o+9Bk7yuM2dg==
  dependencies:
    argparse "^1.0.7"
    entities "~2.0.0"
    linkify-it "^2.0.0"
    mdurl "^1.0.1"
    uc.micro "^1.0.5"

mdurl@^1.0.1:
  version "1.0.1"
  resolved "https://registry.yarnpkg.com/mdurl/-/mdurl-1.0.1.tgz#fe85b2ec75a59037f2adfec100fd6c601761152e"
  integrity sha1-/oWy7HWlkDfyrf7BAP1sYBdhFS4=

mermaid@^7.1.2:
  version "7.1.2"
  resolved "https://registry.yarnpkg.com/mermaid/-/mermaid-7.1.2.tgz#6265728156c2e0891e004cba60a44022174487ad"
  integrity sha512-bDLu3fQuf3/R0fNkNzB0GTaF7+6SxnZpfTs9DVQF1ougsuP23MBzvEIGfL0ML8zeyg7+J2D+0AaoLVhskW5ulw==
  dependencies:
    d3 "3.5.17"
    dagre-d3-renderer "^0.4.25"
    dagre-layout "^0.8.0"
    he "^1.1.1"
    lodash "^4.17.4"
    moment "^2.20.1"

mermaid@^8.3.1:
  version "8.3.1"
  resolved "https://registry.yarnpkg.com/mermaid/-/mermaid-8.3.1.tgz#dbcc677e2077ce503f2b83aa13d33734a62d12bc"
  integrity sha512-s3+IQJqpd++hplyz1DVmA68d1ZTUqr1R21EeQldPNtSpRwLuODqI0BxQAt0bI5oiet07lelqfs3FW4ewtIhfKQ==
  dependencies:
    "@braintree/sanitize-url" "^3.1.0"
    d3 "^5.7.0"
    dagre-d3-renderer "^0.5.8"
    dagre-layout "^0.8.8"
    graphlibrary "^2.2.0"
    he "^1.2.0"
    lodash "^4.17.11"
    minify "^4.1.1"
    moment-mini "^2.22.1"
    prettier "^1.18.2"
    scope-css "^1.2.1"

minify@^4.1.1:
  version "4.1.3"
  resolved "https://registry.yarnpkg.com/minify/-/minify-4.1.3.tgz#58467922d14303f55a3a28fa79641371955b8fbd"
  integrity sha512-ykuscavxivSmVpcCzsXmsVTukWYLUUtPhHj0w2ILvHDGqC+hsuTCihBn9+PJBd58JNvWTNg9132J9nrrI2anzA==
  dependencies:
    clean-css "^4.1.6"
    css-b64-images "~0.2.5"
    debug "^4.1.0"
    html-minifier "^4.0.0"
    terser "^4.0.0"
    try-catch "^2.0.0"
    try-to-catch "^1.0.2"

moment-mini@^2.22.1:
  version "2.22.1"
  resolved "https://registry.yarnpkg.com/moment-mini/-/moment-mini-2.22.1.tgz#bc32d73e43a4505070be6b53494b17623183420d"
  integrity sha512-OUCkHOz7ehtNMYuZjNciXUfwTuz8vmF1MTbAy59ebf+ZBYZO5/tZKuChVWCX+uDo+4idJBpGltNfV8st+HwsGw==

moment@^2.20.1:
  version "2.24.0"
  resolved "https://registry.yarnpkg.com/moment/-/moment-2.24.0.tgz#0d055d53f5052aa653c9f6eb68bb5d12bf5c2b5b"
  integrity sha512-bV7f+6l2QigeBBZSM/6yTNq4P2fNpSWj/0e7jQcy87A8e7o2nAfP/34/2ky5Vw4B9S446EtIhodAzkFCcR4dQg==

ms@^2.1.1:
  version "2.1.2"
  resolved "https://registry.yarnpkg.com/ms/-/ms-2.1.2.tgz#d09d1f357b443f493382a8eb3ccd183872ae6009"
  integrity sha512-sGkPx+VjMtmA6MX27oA4FBFELFCZZ4S4XqeGOXCv68tT+jb3vk/RyaKWP0PTKyWtmLSM0b+adUTEvbs1PEaH2w==

no-case@^2.2.0:
  version "2.3.2"
  resolved "https://registry.yarnpkg.com/no-case/-/no-case-2.3.2.tgz#60b813396be39b3f1288a4c1ed5d1e7d28b464ac"
  integrity sha512-rmTZ9kz+f3rCvK2TD1Ue/oZlns7OGoIWP4fc3llxxRXlOkHKoWPPWJOfFYpITabSow43QJbRIoHQXtt10VldyQ==
  dependencies:
    lower-case "^1.1.1"

param-case@^2.1.1:
  version "2.1.1"
  resolved "https://registry.yarnpkg.com/param-case/-/param-case-2.1.1.tgz#df94fd8cf6531ecf75e6bef9a0858fbc72be2247"
  integrity sha1-35T9jPZTHs915r75oIWPvHK+Ikc=
  dependencies:
    no-case "^2.2.0"

prettier@^1.18.2:
  version "1.18.2"
  resolved "https://registry.yarnpkg.com/prettier/-/prettier-1.18.2.tgz#6823e7c5900017b4bd3acf46fe9ac4b4d7bda9ea"
  integrity sha512-OeHeMc0JhFE9idD4ZdtNibzY0+TPHSpSSb9h8FqtP+YnoZZ1sl8Vc9b1sasjfymH3SonAF4QcA2+mzHPhMvIiw==

rd@^2.0.1:
  version "2.0.1"
  resolved "https://registry.yarnpkg.com/rd/-/rd-2.0.1.tgz#e18a8af5b2f7440c0db1523ca04c6e0f9660003f"
  integrity sha512-/XdKU4UazUZTXFmI0dpABt8jSXPWcEyaGdk340KdHnsEOdkTctlX23aAK7ChQDn39YGNlAJr1M5uvaKt4QnpNw==
  dependencies:
    "@types/node" "^10.3.6"

relateurl@^0.2.7:
  version "0.2.7"
  resolved "https://registry.yarnpkg.com/relateurl/-/relateurl-0.2.7.tgz#54dbf377e51440aca90a4cd274600d3ff2d888a9"
  integrity sha1-VNvzd+UUQKypCkzSdGANP/LYiKk=

rw@1:
  version "1.3.3"
  resolved "https://registry.yarnpkg.com/rw/-/rw-1.3.3.tgz#3f862dfa91ab766b14885ef4d01124bfda074fb4"
  integrity sha1-P4Yt+pGrdmsUiF700BEkv9oHT7Q=

"safer-buffer@>= 2.1.2 < 3":
  version "2.1.2"
  resolved "https://registry.yarnpkg.com/safer-buffer/-/safer-buffer-2.1.2.tgz#44fa161b0187b9549dd84bb91802f9bd8385cd6a"
  integrity sha512-YZo3K82SD7Riyi0E1EQPojLz7kpepnSQI9IyPbHHg1XXXevb5dJI7tpyN2ADxGcQbHG7vcyRHk0cbwqcQriUtg==

scope-css@^1.2.1:
  version "1.2.1"
  resolved "https://registry.yarnpkg.com/scope-css/-/scope-css-1.2.1.tgz#c35768bc900cad030a3e0d663a818c0f6a57f40e"
  integrity sha512-UjLRmyEYaDNiOS673xlVkZFlVCtckJR/dKgr434VMm7Lb+AOOqXKdAcY7PpGlJYErjXXJzKN7HWo4uRPiZZG0Q==
  dependencies:
    escaper "^2.5.3"
    slugify "^1.3.1"
    strip-css-comments "^3.0.0"

slugify@^1.3.1:
  version "1.3.5"
  resolved "https://registry.yarnpkg.com/slugify/-/slugify-1.3.5.tgz#90210678818b6d533cb060083aed0e8238133508"
  integrity sha512-5VCnH7aS13b0UqWOs7Ef3E5rkhFe8Od+cp7wybFv5mv/sYSRkucZlJX0bamAJky7b2TTtGvrJBWVdpdEicsSrA==

source-map-support@~0.5.12:
  version "0.5.13"
  resolved "https://registry.yarnpkg.com/source-map-support/-/source-map-support-0.5.13.tgz#31b24a9c2e73c2de85066c0feb7d44767ed52932"
  integrity sha512-SHSKFHadjVA5oR4PPqhtAVdcBWwRYVd6g6cAXnIbRiIwc2EhPrTuKUBdSLvlEKyIP3GCf89fltvcZiP9MMFA1w==
  dependencies:
    buffer-from "^1.0.0"
    source-map "^0.6.0"

source-map@^0.6.0, source-map@~0.6.0, source-map@~0.6.1:
  version "0.6.1"
  resolved "https://registry.yarnpkg.com/source-map/-/source-map-0.6.1.tgz#74722af32e9614e9c287a8d0bbde48b5e2f1a263"
  integrity sha512-UjgapumWlbMhkBgzT7Ykc5YXUT46F0iKu8SGXq0bcwP5dz/h0Plj6enJqjz1Zbq2l5WaqYnrVbwWOWMyF3F47g==

sprintf-js@~1.0.2:
  version "1.0.3"
  resolved "https://registry.yarnpkg.com/sprintf-js/-/sprintf-js-1.0.3.tgz#04e6926f662895354f3dd015203633b857297e2c"
  integrity sha1-BOaSb2YolTVPPdAVIDYzuFcpfiw=

strip-css-comments@^3.0.0:
  version "3.0.0"
  resolved "https://registry.yarnpkg.com/strip-css-comments/-/strip-css-comments-3.0.0.tgz#7a5625eff8a2b226cf8947a11254da96e13dae89"
  integrity sha1-elYl7/iisibPiUehElTaluE9rok=
  dependencies:
    is-regexp "^1.0.0"

terser@^4.0.0:
  version "4.3.8"
  resolved "https://registry.yarnpkg.com/terser/-/terser-4.3.8.tgz#707f05f3f4c1c70c840e626addfdb1c158a17136"
  integrity sha512-otmIRlRVmLChAWsnSFNO0Bfk6YySuBp6G9qrHiJwlLDd4mxe2ta4sjI7TzIR+W1nBMjilzrMcPOz9pSusgx3hQ==
  dependencies:
    commander "^2.20.0"
    source-map "~0.6.1"
    source-map-support "~0.5.12"

try-catch@^2.0.0:
  version "2.0.1"
  resolved "https://registry.yarnpkg.com/try-catch/-/try-catch-2.0.1.tgz#a35d354187c422f291a0bcfd9eb77e3a4f90c1e5"
  integrity sha512-LsOrmObN/2WdM+y2xG+t16vhYrQsnV8wftXIcIOWZhQcBJvKGYuamJGwnU98A7Jxs2oZNkJztXlphEOoA0DWqg==

try-to-catch@^1.0.2:
  version "1.1.1"
  resolved "https://registry.yarnpkg.com/try-to-catch/-/try-to-catch-1.1.1.tgz#770162dd13b9a0e55da04db5b7f888956072038a"
  integrity sha512-ikUlS+/BcImLhNYyIgZcEmq4byc31QpC+46/6Jm5ECWkVFhf8SM2Fp/0pMVXPX6vk45SMCwrP4Taxucne8I0VA==

uc.micro@^1.0.1, uc.micro@^1.0.5:
  version "1.0.6"
  resolved "https://registry.yarnpkg.com/uc.micro/-/uc.micro-1.0.6.tgz#9c411a802a409a91fc6cf74081baba34b24499ac"
  integrity sha512-8Y75pvTYkLJW2hWQHXxoqRgV7qb9B+9vFEtidML+7koHUFapnVJAZ6cKs+Qjz5Aw3aZWHMC6u0wJE3At+nSGwA==

uglify-js@^3.5.1:
  version "3.6.1"
  resolved "https://registry.yarnpkg.com/uglify-js/-/uglify-js-3.6.1.tgz#ae7688c50e1bdcf2f70a0e162410003cf9798311"
  integrity sha512-+dSJLJpXBb6oMHP+Yvw8hUgElz4gLTh82XuX68QiJVTXaE5ibl6buzhNkQdYhBlIhozWOC9ge16wyRmjG4TwVQ==
  dependencies:
    commander "2.20.0"
    source-map "~0.6.1"

universalify@^0.1.0:
  version "0.1.2"
  resolved "https://registry.yarnpkg.com/universalify/-/universalify-0.1.2.tgz#b646f69be3942dabcecc9d6639c80dc105efaa66"
  integrity sha512-rBJeI5CXAlmy1pV+617WB9J63U6XcazHHF2f2dbJix4XzpUF0RS3Zbj0FGIOCAva5P/d/GBOYaACQ1w+0azUkg==

upper-case@^1.1.1:
  version "1.1.3"
  resolved "https://registry.yarnpkg.com/upper-case/-/upper-case-1.1.3.tgz#f6b4501c2ec4cdd26ba78be7222961de77621598"
  integrity sha1-9rRQHC7EzdJrp4vnIilh3ndiFZg=
